
Microsoft Visual Studio Solution File, Format Version 12.00
# Visual Studio Version 16
VisualStudioVersion = 16.0.30804.86
MinimumVisualStudioVersion = 10.0.40219.1
Project("{8BC9CEB8-8B4A-11D0-8D11-00A0C91BC942}") = "hmmms", "hmmms\hmmms.vcxproj", "{CD5AF07D-D60E-4EE4-9F58-AACA3AFF6EFB}"
EndProject
Global
	GlobalSection(SolutionConfigurationPlatforms) = preSolution
		Debug|x64 = Debug|x64
		Debug|x86 = Debug|x86
		Release|x64 = Release|x64
		Release|x86 = Release|x86
	EndGlobalSection
	GlobalSection(ProjectConfigurationPlatforms) = postSolution
		{CD5AF07D-D60E-4EE4-9F58-AACA3AFF6EFB}.Debug|x64.ActiveCfg = Debug|x64
		{CD5AF07D-D60E-4EE4-9F58-AACA3AFF6EFB}.Debug|x64.Build.0 = Debug|x64
		{CD5AF07D-D60E-4EE4-9F58-AACA3AFF6EFB}.Debug|x86.ActiveCfg = Debug|Win32
		{CD5AF07D-D60E-4EE4-9F58-AACA3AFF6EFB}.Debug|x86.Build.0 = Debug|Win32
		{CD5AF07D-D60E-4EE4-9F58-AACA3AFF6EFB}.Release|x64.ActiveCfg = Release|x64
		{CD5AF07D-D60E-4EE4-9F58-AACA3AFF6EFB}.Release|x64.Build.0 = Release|x64
		{CD5AF07D-D60E-4EE4-9F58-AACA3AFF6EFB}.Release|x86.ActiveCfg = Release|Win32
		{CD5AF07D-D60E-4EE4-9F58-AACA3AFF6EFB}.Release|x86.Build.0 = Release|Win32
	EndGlobalSection
	GlobalSection(SolutionProperties) = preSolution
		HideSolutionNode = FALSE
	EndGlobalSection
	GlobalSection(ExtensibilityGlobals) = postSolution
		SolutionGuid = {EA6FD5AA-8975-4F85-B1C8-2BBC7373B73A}
	EndGlobalSection
EndGlobal
